
Microsoft Visual Studio Solution File, Format Version 12.00
# Visual Studio Version 17
VisualStudioVersion = 17.5.33502.453
MinimumVisualStudioVersion = 10.0.40219.1
Project("{FAE04EC0-301F-11D3-BF4B-00C04F79EFBC}") = "Ödev", "Ödev\Ödev.csproj", "{21DD76C6-3FC0-47E7-BA14-087891F956F6}"
EndProject
Global
	GlobalSection(SolutionConfigurationPlatforms) = preSolution
		Debug|Any CPU = Debug|Any CPU
		Release|Any CPU = Release|Any CPU
	EndGlobalSection
	GlobalSection(ProjectConfigurationPlatforms) = postSolution
		{21DD76C6-3FC0-47E7-BA14-087891F956F6}.Debug|Any CPU.ActiveCfg = Debug|Any CPU
		{21DD76C6-3FC0-47E7-BA14-087891F956F6}.Debug|Any CPU.Build.0 = Debug|Any CPU
		{21DD76C6-3FC0-47E7-BA14-087891F956F6}.Release|Any CPU.ActiveCfg = Release|Any CPU
		{21DD76C6-3FC0-47E7-BA14-087891F956F6}.Release|Any CPU.Build.0 = Release|Any CPU
	EndGlobalSection
	GlobalSection(SolutionProperties) = preSolution
		HideSolutionNode = FALSE
	EndGlobalSection
	GlobalSection(ExtensibilityGlobals) = postSolution
		SolutionGuid = {C23FF09A-136D-4168-94B4-B1D9599B2FFD}
	EndGlobalSection
EndGlobal
